
Microsoft Visual Studio Solution File, Format Version 12.00
# Visual Studio 15
VisualStudioVersion = 15.0.26430.13
MinimumVisualStudioVersion = 10.0.40219.1
Project("{8BC9CEB8-8B4A-11D0-8D11-00A0C91BC942}") = "auto_decltype", "auto_decltype\auto_decltype.vcxproj", "{1A8F8BD8-5577-4C06-94D0-5E62FA8C947C}"
EndProject
Project("{8BC9CEB8-8B4A-11D0-8D11-00A0C91BC942}") = "lambda", "lambda\lambda.vcxproj", "{0AD9A245-142C-436A-9663-E0B0741943F7}"
EndProject
Project("{8BC9CEB8-8B4A-11D0-8D11-00A0C91BC942}") = "tuple", "tuple\tuple.vcxproj", "{4E2D67C7-AACF-4C0B-9815-607834D335ED}"
EndProject
Project("{8BC9CEB8-8B4A-11D0-8D11-00A0C91BC942}") = "meta_programming_01", "meta_programming_01\meta_programming_01.vcxproj", "{823D97DE-6A2D-49FD-904C-64B827E8CC74}"
EndProject
Project("{8BC9CEB8-8B4A-11D0-8D11-00A0C91BC942}") = "playWithRandom", "playWithRandom\playWithRandom.vcxproj", "{65E41B23-4977-4187-BE61-7A4A95CA9FCD}"
EndProject
Project("{8BC9CEB8-8B4A-11D0-8D11-00A0C91BC942}") = "playWithChrono", "playWithChrono\playWithChrono.vcxproj", "{C67A63E9-8350-425C-9782-F7276D27EC01}"
EndProject
Project("{8BC9CEB8-8B4A-11D0-8D11-00A0C91BC942}") = "shared_ptr", "shared_ptr\shared_ptr.vcxproj", "{DFA11DFD-3C3B-429E-84B5-8043957DCCA0}"
EndProject
Project("{8BC9CEB8-8B4A-11D0-8D11-00A0C91BC942}") = "unique_ptr", "unique_ptr\unique_ptr.vcxproj", "{66439976-C760-40B8-8A4A-C34509E79960}"
EndProject
Project("{8BC9CEB8-8B4A-11D0-8D11-00A0C91BC942}") = "TourCpp_class_hierarchy", "TourCpp_class_hierarchy\TourCpp_class_hierarchy.vcxproj", "{4CAB78C1-F9B0-439B-9F6B-86B53AB2642F}"
EndProject
Global
	GlobalSection(SolutionConfigurationPlatforms) = preSolution
		Debug|x64 = Debug|x64
		Debug|x86 = Debug|x86
		Release|x64 = Release|x64
		Release|x86 = Release|x86
	EndGlobalSection
	GlobalSection(ProjectConfigurationPlatforms) = postSolution
		{1A8F8BD8-5577-4C06-94D0-5E62FA8C947C}.Debug|x64.ActiveCfg = Debug|x64
		{1A8F8BD8-5577-4C06-94D0-5E62FA8C947C}.Debug|x64.Build.0 = Debug|x64
		{1A8F8BD8-5577-4C06-94D0-5E62FA8C947C}.Debug|x86.ActiveCfg = Debug|Win32
		{1A8F8BD8-5577-4C06-94D0-5E62FA8C947C}.Debug|x86.Build.0 = Debug|Win32
		{1A8F8BD8-5577-4C06-94D0-5E62FA8C947C}.Release|x64.ActiveCfg = Release|x64
		{1A8F8BD8-5577-4C06-94D0-5E62FA8C947C}.Release|x64.Build.0 = Release|x64
		{1A8F8BD8-5577-4C06-94D0-5E62FA8C947C}.Release|x86.ActiveCfg = Release|Win32
		{1A8F8BD8-5577-4C06-94D0-5E62FA8C947C}.Release|x86.Build.0 = Release|Win32
		{0AD9A245-142C-436A-9663-E0B0741943F7}.Debug|x64.ActiveCfg = Debug|x64
		{0AD9A245-142C-436A-9663-E0B0741943F7}.Debug|x64.Build.0 = Debug|x64
		{0AD9A245-142C-436A-9663-E0B0741943F7}.Debug|x86.ActiveCfg = Debug|Win32
		{0AD9A245-142C-436A-9663-E0B0741943F7}.Debug|x86.Build.0 = Debug|Win32
		{0AD9A245-142C-436A-9663-E0B0741943F7}.Release|x64.ActiveCfg = Release|x64
		{0AD9A245-142C-436A-9663-E0B0741943F7}.Release|x64.Build.0 = Release|x64
		{0AD9A245-142C-436A-9663-E0B0741943F7}.Release|x86.ActiveCfg = Release|Win32
		{0AD9A245-142C-436A-9663-E0B0741943F7}.Release|x86.Build.0 = Release|Win32
		{4E2D67C7-AACF-4C0B-9815-607834D335ED}.Debug|x64.ActiveCfg = Debug|x64
		{4E2D67C7-AACF-4C0B-9815-607834D335ED}.Debug|x64.Build.0 = Debug|x64
		{4E2D67C7-AACF-4C0B-9815-607834D335ED}.Debug|x86.ActiveCfg = Debug|Win32
		{4E2D67C7-AACF-4C0B-9815-607834D335ED}.Debug|x86.Build.0 = Debug|Win32
		{4E2D67C7-AACF-4C0B-9815-607834D335ED}.Release|x64.ActiveCfg = Release|x64
		{4E2D67C7-AACF-4C0B-9815-607834D335ED}.Release|x64.Build.0 = Release|x64
		{4E2D67C7-AACF-4C0B-9815-607834D335ED}.Release|x86.ActiveCfg = Release|Win32
		{4E2D67C7-AACF-4C0B-9815-607834D335ED}.Release|x86.Build.0 = Release|Win32
		{823D97DE-6A2D-49FD-904C-64B827E8CC74}.Debug|x64.ActiveCfg = Debug|x64
		{823D97DE-6A2D-49FD-904C-64B827E8CC74}.Debug|x64.Build.0 = Debug|x64
		{823D97DE-6A2D-49FD-904C-64B827E8CC74}.Debug|x86.ActiveCfg = Debug|Win32
		{823D97DE-6A2D-49FD-904C-64B827E8CC74}.Debug|x86.Build.0 = Debug|Win32
		{823D97DE-6A2D-49FD-904C-64B827E8CC74}.Release|x64.ActiveCfg = Release|x64
		{823D97DE-6A2D-49FD-904C-64B827E8CC74}.Release|x64.Build.0 = Release|x64
		{823D97DE-6A2D-49FD-904C-64B827E8CC74}.Release|x86.ActiveCfg = Release|Win32
		{823D97DE-6A2D-49FD-904C-64B827E8CC74}.Release|x86.Build.0 = Release|Win32
		{65E41B23-4977-4187-BE61-7A4A95CA9FCD}.Debug|x64.ActiveCfg = Debug|x64
		{65E41B23-4977-4187-BE61-7A4A95CA9FCD}.Debug|x64.Build.0 = Debug|x64
		{65E41B23-4977-4187-BE61-7A4A95CA9FCD}.Debug|x86.ActiveCfg = Debug|Win32
		{65E41B23-4977-4187-BE61-7A4A95CA9FCD}.Debug|x86.Build.0 = Debug|Win32
		{65E41B23-4977-4187-BE61-7A4A95CA9FCD}.Release|x64.ActiveCfg = Release|x64
		{65E41B23-4977-4187-BE61-7A4A95CA9FCD}.Release|x64.Build.0 = Release|x64
		{65E41B23-4977-4187-BE61-7A4A95CA9FCD}.Release|x86.ActiveCfg = Release|Win32
		{65E41B23-4977-4187-BE61-7A4A95CA9FCD}.Release|x86.Build.0 = Release|Win32
		{C67A63E9-8350-425C-9782-F7276D27EC01}.Debug|x64.ActiveCfg = Debug|x64
		{C67A63E9-8350-425C-9782-F7276D27EC01}.Debug|x64.Build.0 = Debug|x64
		{C67A63E9-8350-425C-9782-F7276D27EC01}.Debug|x86.ActiveCfg = Debug|Win32
		{C67A63E9-8350-425C-9782-F7276D27EC01}.Debug|x86.Build.0 = Debug|Win32
		{C67A63E9-8350-425C-9782-F7276D27EC01}.Release|x64.ActiveCfg = Release|x64
		{C67A63E9-8350-425C-9782-F7276D27EC01}.Release|x64.Build.0 = Release|x64
		{C67A63E9-8350-425C-9782-F7276D27EC01}.Release|x86.ActiveCfg = Release|Win32
		{C67A63E9-8350-425C-9782-F7276D27EC01}.Release|x86.Build.0 = Release|Win32
		{DFA11DFD-3C3B-429E-84B5-8043957DCCA0}.Debug|x64.ActiveCfg = Debug|x64
		{DFA11DFD-3C3B-429E-84B5-8043957DCCA0}.Debug|x64.Build.0 = Debug|x64
		{DFA11DFD-3C3B-429E-84B5-8043957DCCA0}.Debug|x86.ActiveCfg = Debug|Win32
		{DFA11DFD-3C3B-429E-84B5-8043957DCCA0}.Debug|x86.Build.0 = Debug|Win32
		{DFA11DFD-3C3B-429E-84B5-8043957DCCA0}.Release|x64.ActiveCfg = Release|x64
		{DFA11DFD-3C3B-429E-84B5-8043957DCCA0}.Release|x64.Build.0 = Release|x64
		{DFA11DFD-3C3B-429E-84B5-8043957DCCA0}.Release|x86.ActiveCfg = Release|Win32
		{DFA11DFD-3C3B-429E-84B5-8043957DCCA0}.Release|x86.Build.0 = Release|Win32
		{66439976-C760-40B8-8A4A-C34509E79960}.Debug|x64.ActiveCfg = Debug|x64
		{66439976-C760-40B8-8A4A-C34509E79960}.Debug|x64.Build.0 = Debug|x64
		{66439976-C760-40B8-8A4A-C34509E79960}.Debug|x86.ActiveCfg = Debug|Win32
		{66439976-C760-40B8-8A4A-C34509E79960}.Debug|x86.Build.0 = Debug|Win32
		{66439976-C760-40B8-8A4A-C34509E79960}.Release|x64.ActiveCfg = Release|x64
		{66439976-C760-40B8-8A4A-C34509E79960}.Release|x64.Build.0 = Release|x64
		{66439976-C760-40B8-8A4A-C34509E79960}.Release|x86.ActiveCfg = Release|Win32
		{66439976-C760-40B8-8A4A-C34509E79960}.Release|x86.Build.0 = Release|Win32
		{4CAB78C1-F9B0-439B-9F6B-86B53AB2642F}.Debug|x64.ActiveCfg = Debug|x64
		{4CAB78C1-F9B0-439B-9F6B-86B53AB2642F}.Debug|x64.Build.0 = Debug|x64
		{4CAB78C1-F9B0-439B-9F6B-86B53AB2642F}.Debug|x86.ActiveCfg = Debug|Win32
		{4CAB78C1-F9B0-439B-9F6B-86B53AB2642F}.Debug|x86.Build.0 = Debug|Win32
		{4CAB78C1-F9B0-439B-9F6B-86B53AB2642F}.Release|x64.ActiveCfg = Release|x64
		{4CAB78C1-F9B0-439B-9F6B-86B53AB2642F}.Release|x64.Build.0 = Release|x64
		{4CAB78C1-F9B0-439B-9F6B-86B53AB2642F}.Release|x86.ActiveCfg = Release|Win32
		{4CAB78C1-F9B0-439B-9F6B-86B53AB2642F}.Release|x86.Build.0 = Release|Win32
	EndGlobalSection
	GlobalSection(SolutionProperties) = preSolution
		HideSolutionNode = FALSE
	EndGlobalSection
EndGlobal
